
Microsoft Visual Studio Solution File, Format Version 12.00
# Visual Studio 14
VisualStudioVersion = 14.0.24720.0
MinimumVisualStudioVersion = 10.0.40219.1
Project("{FAE04EC0-301F-11D3-BF4B-00C04F79EFBC}") = "TestGitFlow", "TestGitFlow\TestGitFlow.csproj", "{43B6ACFF-00EF-434C-BA12-D6D1F47DEA10}"
EndProject
Project("{FAE04EC0-301F-11D3-BF4B-00C04F79EFBC}") = "EvgenLibrary", "EvgenLibrary\EvgenLibrary.csproj", "{7A8CBF99-6B9E-46EC-B334-573D0C5FFBBA}"
EndProject
Project("{FAE04EC0-301F-11D3-BF4B-00C04F79EFBC}") = "IvanLib", "IvanLib\IvanLib.csproj", "{06A0E7B6-BB4C-4C73-9F31-7FEB5C2FF2B0}"
EndProject
Global
	GlobalSection(SolutionConfigurationPlatforms) = preSolution
		Debug|Any CPU = Debug|Any CPU
		Release|Any CPU = Release|Any CPU
	EndGlobalSection
	GlobalSection(ProjectConfigurationPlatforms) = postSolution
		{43B6ACFF-00EF-434C-BA12-D6D1F47DEA10}.Debug|Any CPU.ActiveCfg = Debug|Any CPU
		{43B6ACFF-00EF-434C-BA12-D6D1F47DEA10}.Debug|Any CPU.Build.0 = Debug|Any CPU
		{43B6ACFF-00EF-434C-BA12-D6D1F47DEA10}.Release|Any CPU.ActiveCfg = Release|Any CPU
		{43B6ACFF-00EF-434C-BA12-D6D1F47DEA10}.Release|Any CPU.Build.0 = Release|Any CPU
		{7A8CBF99-6B9E-46EC-B334-573D0C5FFBBA}.Debug|Any CPU.ActiveCfg = Debug|Any CPU
		{7A8CBF99-6B9E-46EC-B334-573D0C5FFBBA}.Debug|Any CPU.Build.0 = Debug|Any CPU
		{7A8CBF99-6B9E-46EC-B334-573D0C5FFBBA}.Release|Any CPU.ActiveCfg = Release|Any CPU
		{7A8CBF99-6B9E-46EC-B334-573D0C5FFBBA}.Release|Any CPU.Build.0 = Release|Any CPU
		{06A0E7B6-BB4C-4C73-9F31-7FEB5C2FF2B0}.Debug|Any CPU.ActiveCfg = Debug|Any CPU
		{06A0E7B6-BB4C-4C73-9F31-7FEB5C2FF2B0}.Debug|Any CPU.Build.0 = Debug|Any CPU
		{06A0E7B6-BB4C-4C73-9F31-7FEB5C2FF2B0}.Release|Any CPU.ActiveCfg = Release|Any CPU
		{06A0E7B6-BB4C-4C73-9F31-7FEB5C2FF2B0}.Release|Any CPU.Build.0 = Release|Any CPU
	EndGlobalSection
	GlobalSection(SolutionProperties) = preSolution
		HideSolutionNode = FALSE
	EndGlobalSection
EndGlobal
